// !$*UTF8*$!
{
	archiveVersion = 1;
	classes = {
	};
	objectVersion = 46;
	objects = {

/* Begin PBXBuildFile section */
		3A2184601DF9E560000144AB /* AppDelegate.swift in Sources */ = {isa = PBXBuildFile; fileRef = 3A21845F1DF9E560000144AB /* AppDelegate.swift */; };
		3A2184651DF9E560000144AB /* Main.storyboard in Resources */ = {isa = PBXBuildFile; fileRef = 3A2184631DF9E560000144AB /* Main.storyboard */; };
		3A2184671DF9E560000144AB /* Assets.xcassets in Resources */ = {isa = PBXBuildFile; fileRef = 3A2184661DF9E560000144AB /* Assets.xcassets */; };
		3A21846A1DF9E560000144AB /* LaunchScreen.storyboard in Resources */ = {isa = PBXBuildFile; fileRef = 3A2184681DF9E560000144AB /* LaunchScreen.storyboard */; };
		3A2184741DF9E5ED000144AB /* ElementsTableViewController.swift in Sources */ = {isa = PBXBuildFile; fileRef = 3A2184731DF9E5ED000144AB /* ElementsTableViewController.swift */; };
		3A2184771DF9E620000144AB /* Element.swift in Sources */ = {isa = PBXBuildFile; fileRef = 3A2184761DF9E620000144AB /* Element.swift */; };
		3A21847A1DF9E648000144AB /* APIRequestManager.swift in Sources */ = {isa = PBXBuildFile; fileRef = 3A2184791DF9E648000144AB /* APIRequestManager.swift */; };
		3A21847D1DF9F1D0000144AB /* DetailViewController.swift in Sources */ = {isa = PBXBuildFile; fileRef = 3A21847C1DF9F1D0000144AB /* DetailViewController.swift */; };
		3A21847F1DF9F850000144AB /* ElementTableViewCell.swift in Sources */ = {isa = PBXBuildFile; fileRef = 3A21847E1DF9F850000144AB /* ElementTableViewCell.swift */; };
/* End PBXBuildFile section */

/* Begin PBXFileReference section */
		3A21845C1DF9E560000144AB /* AC3.2-MidtermElements.app */ = {isa = PBXFileReference; explicitFileType = wrapper.application; includeInIndex = 0; path = "AC3.2-MidtermElements.app"; sourceTree = BUILT_PRODUCTS_DIR; };
		3A21845F1DF9E560000144AB /* AppDelegate.swift */ = {isa = PBXFileReference; lastKnownFileType = sourcecode.swift; path = AppDelegate.swift; sourceTree = "<group>"; };
		3A2184641DF9E560000144AB /* Base */ = {isa = PBXFileReference; lastKnownFileType = file.storyboard; name = Base; path = Base.lproj/Main.storyboard; sourceTree = "<group>"; };
		3A2184661DF9E560000144AB /* Assets.xcassets */ = {isa = PBXFileReference; lastKnownFileType = folder.assetcatalog; path = Assets.xcassets; sourceTree = "<group>"; };
		3A2184691DF9E560000144AB /* Base */ = {isa = PBXFileReference; lastKnownFileType = file.storyboard; name = Base; path = Base.lproj/LaunchScreen.storyboard; sourceTree = "<group>"; };
		3A21846B1DF9E560000144AB /* Info.plist */ = {isa = PBXFileReference; lastKnownFileType = text.plist.xml; path = Info.plist; sourceTree = "<group>"; };
		3A2184731DF9E5ED000144AB /* ElementsTableViewController.swift */ = {isa = PBXFileReference; fileEncoding = 4; lastKnownFileType = sourcecode.swift; path = ElementsTableViewController.swift; sourceTree = "<group>"; };
		3A2184761DF9E620000144AB /* Element.swift */ = {isa = PBXFileReference; fileEncoding = 4; lastKnownFileType = sourcecode.swift; path = Element.swift; sourceTree = "<group>"; };
		3A2184791DF9E648000144AB /* APIRequestManager.swift */ = {isa = PBXFileReference; fileEncoding = 4; lastKnownFileType = sourcecode.swift; path = APIRequestManager.swift; sourceTree = "<group>"; };
		3A21847C1DF9F1D0000144AB /* DetailViewController.swift */ = {isa = PBXFileReference; fileEncoding = 4; lastKnownFileType = sourcecode.swift; path = DetailViewController.swift; sourceTree = "<group>"; };
		3A21847E1DF9F850000144AB /* ElementTableViewCell.swift */ = {isa = PBXFileReference; fileEncoding = 4; lastKnownFileType = sourcecode.swift; path = ElementTableViewCell.swift; sourceTree = "<group>"; };
/* End PBXFileReference section */

/* Begin PBXFrameworksBuildPhase section */
		3A2184591DF9E560000144AB /* Frameworks */ = {
			isa = PBXFrameworksBuildPhase;
			buildActionMask = 2147483647;
			files = (
			);
			runOnlyForDeploymentPostprocessing = 0;
		};
/* End PBXFrameworksBuildPhase section */

/* Begin PBXGroup section */
		3A2184531DF9E560000144AB = {
			isa = PBXGroup;
			children = (
				3A21845E1DF9E560000144AB /* AC3.2-MidtermElements */,
				3A21845D1DF9E560000144AB /* Products */,
			);
			sourceTree = "<group>";
		};
		3A21845D1DF9E560000144AB /* Products */ = {
			isa = PBXGroup;
			children = (
				3A21845C1DF9E560000144AB /* AC3.2-MidtermElements.app */,
			);
			name = Products;
			sourceTree = "<group>";
		};
		3A21845E1DF9E560000144AB /* AC3.2-MidtermElements */ = {
			isa = PBXGroup;
			children = (
				3A21847B1DF9E655000144AB /* Networking */,
				3A2184781DF9E62C000144AB /* Model */,
				3A2184751DF9E603000144AB /* Controllers */,
				3A2184721DF9E593000144AB /* Views */,
				3A2184711DF9E587000144AB /* Supporting Files */,
			);
			path = "AC3.2-MidtermElements";
			sourceTree = "<group>";
		};
		3A2184711DF9E587000144AB /* Supporting Files */ = {
			isa = PBXGroup;
			children = (
				3A21845F1DF9E560000144AB /* AppDelegate.swift */,
				3A2184661DF9E560000144AB /* Assets.xcassets */,
				3A21846B1DF9E560000144AB /* Info.plist */,
			);
			name = "Supporting Files";
			sourceTree = "<group>";
		};
		3A2184721DF9E593000144AB /* Views */ = {
			isa = PBXGroup;
			children = (
				3A2184631DF9E560000144AB /* Main.storyboard */,
				3A2184681DF9E560000144AB /* LaunchScreen.storyboard */,
			);
			name = Views;
			sourceTree = "<group>";
		};
		3A2184751DF9E603000144AB /* Controllers */ = {
			isa = PBXGroup;
			children = (
				3A2184731DF9E5ED000144AB /* ElementsTableViewController.swift */,
				3A21847E1DF9F850000144AB /* ElementTableViewCell.swift */,
				3A21847C1DF9F1D0000144AB /* DetailViewController.swift */,
			);
			name = Controllers;
			sourceTree = "<group>";
		};
		3A2184781DF9E62C000144AB /* Model */ = {
			isa = PBXGroup;
			children = (
				3A2184761DF9E620000144AB /* Element.swift */,
			);
			name = Model;
			sourceTree = "<group>";
		};
		3A21847B1DF9E655000144AB /* Networking */ = {
			isa = PBXGroup;
			children = (
				3A2184791DF9E648000144AB /* APIRequestManager.swift */,
			);
			name = Networking;
			sourceTree = "<group>";
		};
/* End PBXGroup section */

/* Begin PBXNativeTarget section */
		3A21845B1DF9E560000144AB /* AC3.2-MidtermElements */ = {
			isa = PBXNativeTarget;
			buildConfigurationList = 3A21846E1DF9E560000144AB /* Build configuration list for PBXNativeTarget "AC3.2-MidtermElements" */;
			buildPhases = (
				3A2184581DF9E560000144AB /* Sources */,
				3A2184591DF9E560000144AB /* Frameworks */,
				3A21845A1DF9E560000144AB /* Resources */,
			);
			buildRules = (
			);
			dependencies = (
			);
			name = "AC3.2-MidtermElements";
			productName = "AC3.2-MidtermElements";
			productReference = 3A21845C1DF9E560000144AB /* AC3.2-MidtermElements.app */;
			productType = "com.apple.product-type.application";
		};
/* End PBXNativeTarget section */

/* Begin PBXProject section */
		3A2184541DF9E560000144AB /* Project object */ = {
			isa = PBXProject;
			attributes = {
				LastSwiftUpdateCheck = 0800;
				LastUpgradeCheck = 0800;
				ORGANIZATIONNAME = "Erica Stevens";
				TargetAttributes = {
					3A21845B1DF9E560000144AB = {
						CreatedOnToolsVersion = 8.0;
						ProvisioningStyle = Automatic;
					};
				};
			};
			buildConfigurationList = 3A2184571DF9E560000144AB /* Build configuration list for PBXProject "AC3.2-MidtermElements" */;
			compatibilityVersion = "Xcode 3.2";
			developmentRegion = English;
			hasScannedForEncodings = 0;
			knownRegions = (
				en,
				Base,
			);
			mainGroup = 3A2184531DF9E560000144AB;
			productRefGroup = 3A21845D1DF9E560000144AB /* Products */;
			projectDirPath = "";
			projectRoot = "";
			targets = (
				3A21845B1DF9E560000144AB /* AC3.2-MidtermElements */,
			);
		};
/* End PBXProject section */

/* Begin PBXResourcesBuildPhase section */
		3A21845A1DF9E560000144AB /* Resources */ = {
			isa = PBXResourcesBuildPhase;
			buildActionMask = 2147483647;
			files = (
				3A21846A1DF9E560000144AB /* LaunchScreen.storyboard in Resources */,
				3A2184671DF9E560000144AB /* Assets.xcassets in Resources */,
				3A2184651DF9E560000144AB /* Main.storyboard in Resources */,
			);
			runOnlyForDeploymentPostprocessing = 0;
		};
/* End PBXResourcesBuildPhase section */

/* Begin PBXSourcesBuildPhase section */
		3A2184581DF9E560000144AB /* Sources */ = {
			isa = PBXSourcesBuildPhase;
			buildActionMask = 2147483647;
			files = (
				3A21847F1DF9F850000144AB /* ElementTableViewCell.swift in Sources */,
				3A21847A1DF9E648000144AB /* APIRequestManager.swift in Sources */,
				3A2184741DF9E5ED000144AB /* ElementsTableViewController.swift in Sources */,
				3A21847D1DF9F1D0000144AB /* DetailViewController.swift in Sources */,
				3A2184601DF9E560000144AB /* AppDelegate.swift in Sources */,
				3A2184771DF9E620000144AB /* Element.swift in Sources */,
			);
			runOnlyForDeploymentPostprocessing = 0;
		};
/* End PBXSourcesBuildPhase section */

/* Begin PBXVariantGroup section */
		3A2184631DF9E560000144AB /* Main.storyboard */ = {
			isa = PBXVariantGroup;
			children = (
				3A2184641DF9E560000144AB /* Base */,
			);
			name = Main.storyboard;
			sourceTree = "<group>";
		};
		3A2184681DF9E560000144AB /* LaunchScreen.storyboard */ = {
			isa = PBXVariantGroup;
			children = (
				3A2184691DF9E560000144AB /* Base */,
			);
			name = LaunchScreen.storyboard;
			sourceTree = "<group>";
		};
/* End PBXVariantGroup section */

/* Begin XCBuildConfiguration section */
		3A21846C1DF9E560000144AB /* Debug */ = {
			isa = XCBuildConfiguration;
			buildSettings = {
				ALWAYS_SEARCH_USER_PATHS = NO;
				CLANG_ANALYZER_NONNULL = YES;
				CLANG_CXX_LANGUAGE_STANDARD = "gnu++0x";
				CLANG_CXX_LIBRARY = "libc++";
				CLANG_ENABLE_MODULES = YES;
				CLANG_ENABLE_OBJC_ARC = YES;
				CLANG_WARN_BOOL_CONVERSION = YES;
				CLANG_WARN_CONSTANT_CONVERSION = YES;
				CLANG_WARN_DIRECT_OBJC_ISA_USAGE = YES_ERROR;
				CLANG_WARN_DOCUMENTATION_COMMENTS = YES;
				CLANG_WARN_EMPTY_BODY = YES;
				CLANG_WARN_ENUM_CONVERSION = YES;
				CLANG_WARN_INFINITE_RECURSION = YES;
				CLANG_WARN_INT_CONVERSION = YES;
				CLANG_WARN_OBJC_ROOT_CLASS = YES_ERROR;
				CLANG_WARN_SUSPICIOUS_MOVES = YES;
				CLANG_WARN_UNREACHABLE_CODE = YES;
				CLANG_WARN__DUPLICATE_METHOD_MATCH = YES;
				"CODE_SIGN_IDENTITY[sdk=iphoneos*]" = "iPhone Developer";
				COPY_PHASE_STRIP = NO;
				DEBUG_INFORMATION_FORMAT = dwarf;
				ENABLE_STRICT_OBJC_MSGSEND = YES;
				ENABLE_TESTABILITY = YES;
				GCC_C_LANGUAGE_STANDARD = gnu99;
				GCC_DYNAMIC_NO_PIC = NO;
				GCC_NO_COMMON_BLOCKS = YES;
				GCC_OPTIMIZATION_LEVEL = 0;
				GCC_PREPROCESSOR_DEFINITIONS = (
					"DEBUG=1",
					"$(inherited)",
				);
				GCC_WARN_64_TO_32_BIT_CONVERSION = YES;
				GCC_WARN_ABOUT_RETURN_TYPE = YES_ERROR;
				GCC_WARN_UNDECLARED_SELECTOR = YES;
				GCC_WARN_UNINITIALIZED_AUTOS = YES_AGGRESSIVE;
				GCC_WARN_UNUSED_FUNCTION = YES;
				GCC_WARN_UNUSED_VARIABLE = YES;
				IPHONEOS_DEPLOYMENT_TARGET = 10.0;
				MTL_ENABLE_DEBUG_INFO = YES;
				ONLY_ACTIVE_ARCH = YES;
				SDKROOT = iphoneos;
				SWIFT_ACTIVE_COMPILATION_CONDITIONS = DEBUG;
				SWIFT_OPTIMIZATION_LEVEL = "-Onone";
				TARGETED_DEVICE_FAMILY = "1,2";
			};
			name = Debug;
		};
		3A21846D1DF9E560000144AB /* Release */ = {
			isa = XCBuildConfiguration;
			buildSettings = {
				ALWAYS_SEARCH_USER_PATHS = NO;
				CLANG_ANALYZER_NONNULL = YES;
				CLANG_CXX_LANGUAGE_STANDARD = "gnu++0x";
				CLANG_CXX_LIBRARY = "libc++";
				CLANG_ENABLE_MODULES = YES;
				CLANG_ENABLE_OBJC_ARC = YES;
				CLANG_WARN_BOOL_CONVERSION = YES;
				CLANG_WARN_CONSTANT_CONVERSION = YES;
				CLANG_WARN_DIRECT_OBJC_ISA_USAGE = YES_ERROR;
				CLANG_WARN_DOCUMENTATION_COMMENTS = YES;
				CLANG_WARN_EMPTY_BODY = YES;
				CLANG_WARN_ENUM_CONVERSION = YES;
				CLANG_WARN_INFINITE_RECURSION = YES;
				CLANG_WARN_INT_CONVERSION = YES;
				CLANG_WARN_OBJC_ROOT_CLASS = YES_ERROR;
				CLANG_WARN_SUSPICIOUS_MOVES = YES;
				CLANG_WARN_UNREACHABLE_CODE = YES;
				CLANG_WARN__DUPLICATE_METHOD_MATCH = YES;
				"CODE_SIGN_IDENTITY[sdk=iphoneos*]" = "iPhone Developer";
				COPY_PHASE_STRIP = NO;
				DEBUG_INFORMATION_FORMAT = "dwarf-with-dsym";
				ENABLE_NS_ASSERTIONS = NO;
				ENABLE_STRICT_OBJC_MSGSEND = YES;
				GCC_C_LANGUAGE_STANDARD = gnu99;
				GCC_NO_COMMON_BLOCKS = YES;
				GCC_WARN_64_TO_32_BIT_CONVERSION = YES;
				GCC_WARN_ABOUT_RETURN_TYPE = YES_ERROR;
				GCC_WARN_UNDECLARED_SELECTOR = YES;
				GCC_WARN_UNINITIALIZED_AUTOS = YES_AGGRESSIVE;
				GCC_WARN_UNUSED_FUNCTION = YES;
				GCC_WARN_UNUSED_VARIABLE = YES;
				IPHONEOS_DEPLOYMENT_TARGET = 10.0;
				MTL_ENABLE_DEBUG_INFO = NO;
				SDKROOT = iphoneos;
				SWIFT_OPTIMIZATION_LEVEL = "-Owholemodule";
				TARGETED_DEVICE_FAMILY = "1,2";
				VALIDATE_PRODUCT = YES;
			};
			name = Release;
		};
		3A21846F1DF9E560000144AB /* Debug */ = {
			isa = XCBuildConfiguration;
			buildSettings = {
				ASSETCATALOG_COMPILER_APPICON_NAME = AppIcon;
				INFOPLIST_FILE = "AC3.2-MidtermElements/Info.plist";
				LD_RUNPATH_SEARCH_PATHS = "$(inherited) @executable_path/Frameworks";
				PRODUCT_BUNDLE_IDENTIFIER = "nyc.c4q.ericastevens.AC3-2-MidtermElements";
				PRODUCT_NAME = "$(TARGET_NAME)";
				SWIFT_VERSION = 3.0;
			};
			name = Debug;
		};
		3A2184701DF9E560000144AB /* Release */ = {
			isa = XCBuildConfiguration;
			buildSettings = {
				ASSETCATALOG_COMPILER_APPICON_NAME = AppIcon;
				INFOPLIST_FILE = "AC3.2-MidtermElements/Info.plist";
				LD_RUNPATH_SEARCH_PATHS = "$(inherited) @executable_path/Frameworks";
				PRODUCT_BUNDLE_IDENTIFIER = "nyc.c4q.ericastevens.AC3-2-MidtermElements";
				PRODUCT_NAME = "$(TARGET_NAME)";
				SWIFT_VERSION = 3.0;
			};
			name = Release;
		};
/* End XCBuildConfiguration section */

/* Begin XCConfigurationList section */
		3A2184571DF9E560000144AB /* Build configuration list for PBXProject "AC3.2-MidtermElements" */ = {
			isa = XCConfigurationList;
			buildConfigurations = (
				3A21846C1DF9E560000144AB /* Debug */,
				3A21846D1DF9E560000144AB /* Release */,
			);
			defaultConfigurationIsVisible = 0;
			defaultConfigurationName = Release;
		};
		3A21846E1DF9E560000144AB /* Build configuration list for PBXNativeTarget "AC3.2-MidtermElements" */ = {
			isa = XCConfigurationList;
			buildConfigurations = (
				3A21846F1DF9E560000144AB /* Debug */,
				3A2184701DF9E560000144AB /* Release */,
			);
			defaultConfigurationIsVisible = 0;
		};
/* End XCConfigurationList section */
	};
	rootObject = 3A2184541DF9E560000144AB /* Project object */;
}
